
Microsoft Visual Studio Solution File, Format Version 12.00
# Visual Studio 15
VisualStudioVersion = 15.0.28010.2046
MinimumVisualStudioVersion = 10.0.40219.1
Project("{8BC9CEB8-8B4A-11D0-8D11-00A0C91BC942}") = "Task_01", "Task_01\Task_01.vcxproj", "{4F09DAA8-CC72-494F-9B68-225DD6B3A1CB}"
EndProject
Global
	GlobalSection(SolutionConfigurationPlatforms) = preSolution
		Debug|x64 = Debug|x64
		Debug|x86 = Debug|x86
		Release|x64 = Release|x64
		Release|x86 = Release|x86
	EndGlobalSection
	GlobalSection(ProjectConfigurationPlatforms) = postSolution
		{4F09DAA8-CC72-494F-9B68-225DD6B3A1CB}.Debug|x64.ActiveCfg = Debug|x64
		{4F09DAA8-CC72-494F-9B68-225DD6B3A1CB}.Debug|x64.Build.0 = Debug|x64
		{4F09DAA8-CC72-494F-9B68-225DD6B3A1CB}.Debug|x86.ActiveCfg = Debug|Win32
		{4F09DAA8-CC72-494F-9B68-225DD6B3A1CB}.Debug|x86.Build.0 = Debug|Win32
		{4F09DAA8-CC72-494F-9B68-225DD6B3A1CB}.Release|x64.ActiveCfg = Release|x64
		{4F09DAA8-CC72-494F-9B68-225DD6B3A1CB}.Release|x64.Build.0 = Release|x64
		{4F09DAA8-CC72-494F-9B68-225DD6B3A1CB}.Release|x86.ActiveCfg = Release|Win32
		{4F09DAA8-CC72-494F-9B68-225DD6B3A1CB}.Release|x86.Build.0 = Release|Win32
	EndGlobalSection
	GlobalSection(SolutionProperties) = preSolution
		HideSolutionNode = FALSE
	EndGlobalSection
	GlobalSection(ExtensibilityGlobals) = postSolution
		SolutionGuid = {51AC8B3E-A3AC-4435-AF83-AA97D20384BD}
	EndGlobalSection
EndGlobal
